
Microsoft Visual Studio Solution File, Format Version 12.00
# Visual Studio 2013
VisualStudioVersion = 12.0.30501.0
MinimumVisualStudioVersion = 10.0.40219.1
Project("{8BC9CEB8-8B4A-11D0-8D11-00A0C91BC942}") = "Game", "Game\Game.vcxproj", "{44C4A088-EEB8-411B-AE33-D6CED1176E54}"
	ProjectSection(ProjectDependencies) = postProject
		{6E08FD07-08BF-481A-886E-638DB0C94D0B} = {6E08FD07-08BF-481A-886E-638DB0C94D0B}
	EndProjectSection
EndProject
Project("{8BC9CEB8-8B4A-11D0-8D11-00A0C91BC942}") = "SandBox", "SandBox\SandBox.vcxproj", "{FBE63A7C-6194-435B-B3FF-0F210C21EFB6}"
EndProject
Project("{8BC9CEB8-8B4A-11D0-8D11-00A0C91BC942}") = "X3789_Engine", "X3789_Engine\X3789_Engine.vcxproj", "{6E08FD07-08BF-481A-886E-638DB0C94D0B}"
EndProject
Global
	GlobalSection(SolutionConfigurationPlatforms) = preSolution
		Debug|Win32 = Debug|Win32
		Release|Win32 = Release|Win32
	EndGlobalSection
	GlobalSection(ProjectConfigurationPlatforms) = postSolution
		{44C4A088-EEB8-411B-AE33-D6CED1176E54}.Debug|Win32.ActiveCfg = Debug|Win32
		{44C4A088-EEB8-411B-AE33-D6CED1176E54}.Debug|Win32.Build.0 = Debug|Win32
		{44C4A088-EEB8-411B-AE33-D6CED1176E54}.Release|Win32.ActiveCfg = Release|Win32
		{44C4A088-EEB8-411B-AE33-D6CED1176E54}.Release|Win32.Build.0 = Release|Win32
		{FBE63A7C-6194-435B-B3FF-0F210C21EFB6}.Debug|Win32.ActiveCfg = Debug|Win32
		{FBE63A7C-6194-435B-B3FF-0F210C21EFB6}.Debug|Win32.Build.0 = Debug|Win32
		{FBE63A7C-6194-435B-B3FF-0F210C21EFB6}.Release|Win32.ActiveCfg = Release|Win32
		{FBE63A7C-6194-435B-B3FF-0F210C21EFB6}.Release|Win32.Build.0 = Release|Win32
		{6E08FD07-08BF-481A-886E-638DB0C94D0B}.Debug|Win32.ActiveCfg = Debug|Win32
		{6E08FD07-08BF-481A-886E-638DB0C94D0B}.Debug|Win32.Build.0 = Debug|Win32
		{6E08FD07-08BF-481A-886E-638DB0C94D0B}.Release|Win32.ActiveCfg = Release|Win32
		{6E08FD07-08BF-481A-886E-638DB0C94D0B}.Release|Win32.Build.0 = Release|Win32
	EndGlobalSection
	GlobalSection(SolutionProperties) = preSolution
		HideSolutionNode = FALSE
	EndGlobalSection
EndGlobal
