<?xml version="1.0" encoding="utf-8"?>
<Project ToolsVersion="4.0" xmlns="http://schemas.microsoft.com/developer/msbuild/2003">
  <ItemGroup>
    <Filter Include="Header Files">
      <UniqueIdentifier>{93995380-89BD-4b04-88EB-625FBE52EBFB}</UniqueIdentifier>
      <Extensions>h;hh;hpp;hxx;hm;inl;inc;xsd</Extensions>
    </Filter>
    <Filter Include="Source Files">
      <UniqueIdentifier>{96f12769-6f66-4a3c-a681-422ae397404d}</UniqueIdentifier>
    </Filter>
    <Filter Include="Header Files\Shaders">
      <UniqueIdentifier>{08063022-5365-40ca-9cd3-b5defbe7bb77}</UniqueIdentifier>
    </Filter>
    <Filter Include="Header Files\Texture">
      <UniqueIdentifier>{bccf3dd8-39d4-48dd-8ac9-288a7721cc00}</UniqueIdentifier>
    </Filter>
    <Filter Include="Source Files\Shaders">
      <UniqueIdentifier>{b163e4d5-ae50-4b0e-a3f8-8c9280ecdcbf}</UniqueIdentifier>
    </Filter>
    <Filter Include="Source Files\Texture">
      <UniqueIdentifier>{d930769f-b270-48a5-bd6b-25365e5e6bab}</UniqueIdentifier>
    </Filter>
    <Filter Include="Source Files\Object3D">
      <UniqueIdentifier>{adfa9cc5-770a-44fe-846a-ceca5c4ae141}</UniqueIdentifier>
    </Filter>
    <Filter Include="Header Files\Object3D">
      <UniqueIdentifier>{be41b8a7-24eb-4611-8594-929a3f402b0c}</UniqueIdentifier>
    </Filter>
  </ItemGroup>
  <ItemGroup>
    <ClCompile Include="dllmain.cpp">
      <Filter>Source Files</Filter>
    </ClCompile>
    <ClCompile Include="stdafx.cpp">
      <Filter>Source Files</Filter>
    </ClCompile>
    <ClCompile Include="X3789_Engine.cpp">
      <Filter>Source Files</Filter>
    </ClCompile>
    <ClCompile Include="OpenGL3Initializer.cpp">
      <Filter>Source Files</Filter>
    </ClCompile>
    <ClCompile Include="WindowHolder.cpp">
      <Filter>Source Files</Filter>
    </ClCompile>
    <ClCompile Include="WindowInterface.cpp">
      <Filter>Source Files</Filter>
    </ClCompile>
    <ClCompile Include="Common\TextureBMP.cpp">
      <Filter>Source Files\Texture</Filter>
    </ClCompile>
    <ClCompile Include="Common\TextureStorage.cpp">
      <Filter>Source Files\Texture</Filter>
    </ClCompile>
    <ClCompile Include="Shaders\ShaderLoader.cpp">
      <Filter>Source Files\Shaders</Filter>
    </ClCompile>
    <ClCompile Include="Object3D\Object3D.cpp">
      <Filter>Source Files\Object3D</Filter>
    </ClCompile>
    <ClCompile Include="Common\ControlInterface.cpp">
      <Filter>Source Files</Filter>
    </ClCompile>
    <ClCompile Include="ShaderInterface.cpp">
      <Filter>Source Files</Filter>
    </ClCompile>
  </ItemGroup>
  <ItemGroup>
    <ClInclude Include="stdafx.h">
      <Filter>Header Files</Filter>
    </ClInclude>
    <ClInclude Include="targetver.h">
      <Filter>Header Files</Filter>
    </ClInclude>
    <ClInclude Include="X3789_Engine_Common.h">
      <Filter>Header Files</Filter>
    </ClInclude>
    <ClInclude Include="OpenGL3Initializer.h">
      <Filter>Header Files</Filter>
    </ClInclude>
    <ClInclude Include="X3789_Engine.h">
      <Filter>Header Files</Filter>
    </ClInclude>
    <ClInclude Include="WindowHolder.h">
      <Filter>Header Files</Filter>
    </ClInclude>
    <ClInclude Include="WindowInterface.h">
      <Filter>Header Files</Filter>
    </ClInclude>
    <ClInclude Include="Common\ControlInterface.h">
      <Filter>Header Files</Filter>
    </ClInclude>
    <ClInclude Include="Common\TextureBMP.h">
      <Filter>Header Files\Texture</Filter>
    </ClInclude>
    <ClInclude Include="Common\TextureStorage.h">
      <Filter>Header Files\Texture</Filter>
    </ClInclude>
    <ClInclude Include="ShaderInterface.h">
      <Filter>Header Files</Filter>
    </ClInclude>
    <ClInclude Include="Shaders\ShaderLoader.h">
      <Filter>Header Files\Shaders</Filter>
    </ClInclude>
    <ClInclude Include="Object3D\Object3D.h">
      <Filter>Header Files\Object3D</Filter>
    </ClInclude>
  </ItemGroup>
</Project>